dependencies:
- name: backstage
  repository: https://redhat-developer.github.io/rhdh-chart
  version: 2.18.0
- name: postgresql
  repository: https://charts.bitnami.com/bitnami
  version: 15.0.0
digest: sha256:30dbc9e2711323d596b10e5f56df9219917c6cf6a0d7509afba4f4052dcc8b47
generated: "2025-01-26T14:42:40.527199494+02:00"
